Microsoft Visual Studio Solution File, Format Version 12.00
# Visual Studio Version 17
VisualStudioVersion = 17.13.35507.96 d17.13
MinimumVisualStudioVersion = 10.0.40219.1
Project("{FAE04EC0-301F-11D3-BF4B-00C04F79EFBC}") = "TransactionPlatform.AppHost", "TransactionPlatform.AppHost\TransactionPlatform.AppHost.csproj", "{892595FC-8022-432A-801E-A557AE929D00}"
EndProject
Project("{FAE04EC0-301F-11D3-BF4B-00C04F79EFBC}") = "TransactionPlatform.ServiceDefaults", "TransactionPlatform.ServiceDefaults\TransactionPlatform.ServiceDefaults.csproj", "{99DC73F3-9A4A-8AEE-0207-90F2213A853B}"
EndProject
Project("{FAE04EC0-301F-11D3-BF4B-00C04F79EFBC}") = "TransactionPlatform.ApiService", "TransactionPlatform.ApiService\TransactionPlatform.ApiService.csproj", "{2922E2FF-1962-D794-DCEB-E60F4AE43FD6}"
EndProject
Project("{FAE04EC0-301F-11D3-BF4B-00C04F79EFBC}") = "TransactionPlatform.Client", "TransactionPlatform.Client\TransactionPlatform.Client.csproj", "{067FA952-DAF2-9BB4-31B6-BF8BB92C1FB2}"
EndProject
Global
	GlobalSection(SolutionConfigurationPlatforms) = preSolution
		Debug|Any CPU = Debug|Any CPU
		Release|Any CPU = Release|Any CPU
	EndGlobalSection
	GlobalSection(ProjectConfigurationPlatforms) = postSolution
		{892595FC-8022-432A-801E-A557AE929D00}.Debug|Any CPU.ActiveCfg = Debug|Any CPU
		{892595FC-8022-432A-801E-A557AE929D00}.Debug|Any CPU.Build.0 = Debug|Any CPU
		{892595FC-8022-432A-801E-A557AE929D00}.Release|Any CPU.ActiveCfg = Release|Any CPU
		{892595FC-8022-432A-801E-A557AE929D00}.Release|Any CPU.Build.0 = Release|Any CPU
		{99DC73F3-9A4A-8AEE-0207-90F2213A853B}.Debug|Any CPU.ActiveCfg = Debug|Any CPU
		{99DC73F3-9A4A-8AEE-0207-90F2213A853B}.Debug|Any CPU.Build.0 = Debug|Any CPU
		{99DC73F3-9A4A-8AEE-0207-90F2213A853B}.Release|Any CPU.ActiveCfg = Release|Any CPU
		{99DC73F3-9A4A-8AEE-0207-90F2213A853B}.Release|Any CPU.Build.0 = Release|Any CPU
		{2922E2FF-1962-D794-DCEB-E60F4AE43FD6}.Debug|Any CPU.ActiveCfg = Debug|Any CPU
		{2922E2FF-1962-D794-DCEB-E60F4AE43FD6}.Debug|Any CPU.Build.0 = Debug|Any CPU
		{2922E2FF-1962-D794-DCEB-E60F4AE43FD6}.Release|Any CPU.ActiveCfg = Release|Any CPU
		{2922E2FF-1962-D794-DCEB-E60F4AE43FD6}.Release|Any CPU.Build.0 = Release|Any CPU
		{067FA952-DAF2-9BB4-31B6-BF8BB92C1FB2}.Debug|Any CPU.ActiveCfg = Debug|Any CPU
		{067FA952-DAF2-9BB4-31B6-BF8BB92C1FB2}.Debug|Any CPU.Build.0 = Debug|Any CPU
		{067FA952-DAF2-9BB4-31B6-BF8BB92C1FB2}.Release|Any CPU.ActiveCfg = Release|Any CPU
		{067FA952-DAF2-9BB4-31B6-BF8BB92C1FB2}.Release|Any CPU.Build.0 = Release|Any CPU
	EndGlobalSection
	GlobalSection(SolutionProperties) = preSolution
		HideSolutionNode = FALSE
	EndGlobalSection
	GlobalSection(ExtensibilityGlobals) = postSolution
		SolutionGuid = {25C5D8AA-3FC8-4E70-86DA-B74BFB953EE7}
	EndGlobalSection
EndGlobal
